
Microsoft Visual Studio Solution File, Format Version 12.00
# Visual Studio Version 16
VisualStudioVersion = 16.0.32228.343
MinimumVisualStudioVersion = 10.0.40219.1
Project("{FAE04EC0-301F-11D3-BF4B-00C04F79EFBC}") = "RestaurantManager", "RestaurantManager\RestaurantManager.csproj", "{214AD5A2-D4D3-4816-877A-89545A2FE638}"
EndProject
Project("{FAE04EC0-301F-11D3-BF4B-00C04F79EFBC}") = "VfxLib", "VfxLib\VfxLib.csproj", "{87F68607-50D1-4380-942C-E4D991520139}"
EndProject
Global
	GlobalSection(SolutionConfigurationPlatforms) = preSolution
		Debug|Any CPU = Debug|Any CPU
		Release|Any CPU = Release|Any CPU
	EndGlobalSection
	GlobalSection(ProjectConfigurationPlatforms) = postSolution
		{214AD5A2-D4D3-4816-877A-89545A2FE638}.Debug|Any CPU.ActiveCfg = Debug|Any CPU
		{214AD5A2-D4D3-4816-877A-89545A2FE638}.Debug|Any CPU.Build.0 = Debug|Any CPU
		{214AD5A2-D4D3-4816-877A-89545A2FE638}.Release|Any CPU.ActiveCfg = Release|Any CPU
		{214AD5A2-D4D3-4816-877A-89545A2FE638}.Release|Any CPU.Build.0 = Release|Any CPU
		{87F68607-50D1-4380-942C-E4D991520139}.Debug|Any CPU.ActiveCfg = Debug|Any CPU
		{87F68607-50D1-4380-942C-E4D991520139}.Debug|Any CPU.Build.0 = Debug|Any CPU
		{87F68607-50D1-4380-942C-E4D991520139}.Release|Any CPU.ActiveCfg = Release|Any CPU
		{87F68607-50D1-4380-942C-E4D991520139}.Release|Any CPU.Build.0 = Release|Any CPU
	EndGlobalSection
	GlobalSection(SolutionProperties) = preSolution
		HideSolutionNode = FALSE
	EndGlobalSection
	GlobalSection(ExtensibilityGlobals) = postSolution
		SolutionGuid = {3169F5E5-DA8F-448A-8487-38341B56265B}
	EndGlobalSection
EndGlobal
